
Microsoft Visual Studio Solution File, Format Version 12.00
# Visual Studio 15
Project("{FAE04EC0-301F-11D3-BF4B-00C04F79EFBC}") = "SteamVR", "SteamVR.csproj", "{178520FE-9270-451B-C594-37A463F313F8}"
EndProject
Project("{FAE04EC0-301F-11D3-BF4B-00C04F79EFBC}") = "UnityEngine.TestRunner", "UnityEngine.TestRunner.csproj", "{5521DAAE-2792-F6E8-A4DD-408E7BFD7BFA}"
EndProject
Project("{FAE04EC0-301F-11D3-BF4B-00C04F79EFBC}") = "UnityEngine.UI", "UnityEngine.UI.csproj", "{30E1B742-6BDD-AC7E-1102-878833C8BBA3}"
EndProject
Project("{FAE04EC0-301F-11D3-BF4B-00C04F79EFBC}") = "UnityEngine.XR.LegacyInputHelpers", "UnityEngine.XR.LegacyInputHelpers.csproj", "{317878CF-F823-FE7C-3A04-FBBCD7C7829F}"
EndProject
Project("{FAE04EC0-301F-11D3-BF4B-00C04F79EFBC}") = "Unity.Timeline", "Unity.Timeline.csproj", "{768CF96C-86E2-BE94-C622-A90BEC45663F}"
EndProject
Project("{FAE04EC0-301F-11D3-BF4B-00C04F79EFBC}") = "Unity.XR.OpenVR", "Unity.XR.OpenVR.csproj", "{982E4188-6364-8BC3-EC62-70A87E3EEDCA}"
EndProject
Project("{FAE04EC0-301F-11D3-BF4B-00C04F79EFBC}") = "Unity.TextMeshPro", "Unity.TextMeshPro.csproj", "{C4D7BA53-EB31-F2AF-050C-5ACB6B441BE7}"
EndProject
Project("{FAE04EC0-301F-11D3-BF4B-00C04F79EFBC}") = "Unity.XR.Management", "Unity.XR.Management.csproj", "{201B5442-63CA-929A-E6AD-D925499240C0}"
EndProject
Project("{FAE04EC0-301F-11D3-BF4B-00C04F79EFBC}") = "SteamVR_Actions", "SteamVR_Actions.csproj", "{AB402270-764A-AF99-6A3B-4F9ECD248C84}"
EndProject
Project("{FAE04EC0-301F-11D3-BF4B-00C04F79EFBC}") = "Unity.Subsystem.Registration", "Unity.Subsystem.Registration.csproj", "{D1CFDCED-B13E-7723-90C6-2A0FCFC53565}"
EndProject
Project("{FAE04EC0-301F-11D3-BF4B-00C04F79EFBC}") = "UnityEngine.SpatialTracking", "UnityEngine.SpatialTracking.csproj", "{F936D159-1F4D-D298-A3CE-8DB9521392BC}"
EndProject
Project("{FAE04EC0-301F-11D3-BF4B-00C04F79EFBC}") = "Assembly-CSharp", "Assembly-CSharp.csproj", "{80762ECF-78D8-5033-D969-880B139DF6FB}"
EndProject
Project("{FAE04EC0-301F-11D3-BF4B-00C04F79EFBC}") = "Unity.XR.Management.Editor", "Unity.XR.Management.Editor.csproj", "{5033831D-0866-D9AF-665D-2D086D238A49}"
EndProject
Project("{FAE04EC0-301F-11D3-BF4B-00C04F79EFBC}") = "UnityEditor.TestRunner", "UnityEditor.TestRunner.csproj", "{F7143210-98D2-28C6-1566-51AC4D0F5EA9}"
EndProject
Project("{FAE04EC0-301F-11D3-BF4B-00C04F79EFBC}") = "Unity.PlasticSCM.Editor", "Unity.PlasticSCM.Editor.csproj", "{4FA59B83-0AEB-16A6-481F-6023AA595257}"
EndProject
Project("{FAE04EC0-301F-11D3-BF4B-00C04F79EFBC}") = "UnityEditor.UI", "UnityEditor.UI.csproj", "{DD5944FF-0757-3654-DB89-A39A1589F5C2}"
EndProject
Project("{FAE04EC0-301F-11D3-BF4B-00C04F79EFBC}") = "Unity.Services.Core.Editor", "Unity.Services.Core.Editor.csproj", "{F762EE8D-BD34-565E-626B-685E98F5D801}"
EndProject
Project("{FAE04EC0-301F-11D3-BF4B-00C04F79EFBC}") = "Unity.Timeline.Editor", "Unity.Timeline.Editor.csproj", "{EEB385F7-7696-646A-12BA-0DE483DC1845}"
EndProject
Project("{FAE04EC0-301F-11D3-BF4B-00C04F79EFBC}") = "Unity.VisualStudio.Editor", "Unity.VisualStudio.Editor.csproj", "{10543C44-DF20-9584-EA07-7F3CB702D99C}"
EndProject
Project("{FAE04EC0-301F-11D3-BF4B-00C04F79EFBC}") = "Unity.TextMeshPro.Editor", "Unity.TextMeshPro.Editor.csproj", "{9189C8D3-7603-1B2E-2FD9-DDBE92FF53DF}"
EndProject
Project("{FAE04EC0-301F-11D3-BF4B-00C04F79EFBC}") = "Unity.CollabProxy.Editor", "Unity.CollabProxy.Editor.csproj", "{2B91E4B7-A8B2-21B1-2D89-2B05B9C4F66E}"
EndProject
Project("{FAE04EC0-301F-11D3-BF4B-00C04F79EFBC}") = "Unity.Rider.Editor", "Unity.Rider.Editor.csproj", "{3F53E52B-8043-7053-0086-B6CC75779E50}"
EndProject
Project("{FAE04EC0-301F-11D3-BF4B-00C04F79EFBC}") = "SteamVR_Input_Editor", "SteamVR_Input_Editor.csproj", "{D12480C8-E505-1A54-E73A-6B700BDC3DE6}"
EndProject
Project("{FAE04EC0-301F-11D3-BF4B-00C04F79EFBC}") = "UnityEditor.XR.LegacyInputHelpers", "UnityEditor.XR.LegacyInputHelpers.csproj", "{29C80900-D64A-11EB-0262-EC1ABD8A8C51}"
EndProject
Project("{FAE04EC0-301F-11D3-BF4B-00C04F79EFBC}") = "SteamVR_Editor", "SteamVR_Editor.csproj", "{10E0FE3D-6EAD-D8F7-D664-991DF186F7B9}"
EndProject
Project("{FAE04EC0-301F-11D3-BF4B-00C04F79EFBC}") = "Unity.VSCode.Editor", "Unity.VSCode.Editor.csproj", "{47F55249-8742-8064-39CE-C7C11DF6B773}"
EndProject
Project("{FAE04EC0-301F-11D3-BF4B-00C04F79EFBC}") = "UnityEditor.SpatialTracking", "UnityEditor.SpatialTracking.csproj", "{85AE4BF0-E25E-78A6-D78A-F038FDE989E2}"
EndProject
Project("{FAE04EC0-301F-11D3-BF4B-00C04F79EFBC}") = "Unity.XR.OpenVR.Editor", "Unity.XR.OpenVR.Editor.csproj", "{081036B9-C69E-026A-9EAE-799F137368CF}"
EndProject
Project("{FAE04EC0-301F-11D3-BF4B-00C04F79EFBC}") = "SteamVR_Windows_EditorHelper", "SteamVR_Windows_EditorHelper.csproj", "{44355A08-6E1D-1A99-8002-BFA021F1A139}"
EndProject
Project("{FAE04EC0-301F-11D3-BF4B-00C04F79EFBC}") = "SteamVR", "SteamVR.Player.csproj", "{4180172B-56B0-1A9E-156A-9255FD0BCDE4}"
EndProject
Project("{FAE04EC0-301F-11D3-BF4B-00C04F79EFBC}") = "UnityEngine.TestRunner", "UnityEngine.TestRunner.Player.csproj", "{C8C2ED79-7CB1-398E-93DC-3EC8B2395F29}"
EndProject
Project("{FAE04EC0-301F-11D3-BF4B-00C04F79EFBC}") = "UnityEngine.UI", "UnityEngine.UI.Player.csproj", "{F3C96109-749D-67B6-8F1E-2A8AB5C40A09}"
EndProject
Project("{FAE04EC0-301F-11D3-BF4B-00C04F79EFBC}") = "UnityEngine.XR.LegacyInputHelpers", "UnityEngine.XR.LegacyInputHelpers.Player.csproj", "{A11A56BC-0104-A4CC-3CEC-1051A9B74435}"
EndProject
Project("{FAE04EC0-301F-11D3-BF4B-00C04F79EFBC}") = "Unity.Timeline", "Unity.Timeline.Player.csproj", "{0031A995-C217-9E6D-4377-9785016F26FA}"
EndProject
Project("{FAE04EC0-301F-11D3-BF4B-00C04F79EFBC}") = "Unity.XR.OpenVR", "Unity.XR.OpenVR.Player.csproj", "{8010F586-7000-A6AC-8412-E7D6977BFB67}"
EndProject
Project("{FAE04EC0-301F-11D3-BF4B-00C04F79EFBC}") = "Unity.TextMeshPro", "Unity.TextMeshPro.Player.csproj", "{CC8055A7-1207-792D-2AAD-63246866C3D9}"
EndProject
Project("{FAE04EC0-301F-11D3-BF4B-00C04F79EFBC}") = "Unity.XR.Management", "Unity.XR.Management.Player.csproj", "{AC940816-AE4A-3FFC-BFD7-2AADA22F98FA}"
EndProject
Project("{FAE04EC0-301F-11D3-BF4B-00C04F79EFBC}") = "SteamVR_Actions", "SteamVR_Actions.Player.csproj", "{E01B7B00-5617-ADF9-FA05-376E30EBB827}"
EndProject
Project("{FAE04EC0-301F-11D3-BF4B-00C04F79EFBC}") = "Unity.Subsystem.Registration", "Unity.Subsystem.Registration.Player.csproj", "{6E23FDE2-C615-9FAD-3613-3F509A62A147}"
EndProject
Project("{FAE04EC0-301F-11D3-BF4B-00C04F79EFBC}") = "UnityEngine.SpatialTracking", "UnityEngine.SpatialTracking.Player.csproj", "{3701148D-CAA8-E5DF-CD56-B7C62C59A732}"
EndProject
Project("{FAE04EC0-301F-11D3-BF4B-00C04F79EFBC}") = "Assembly-CSharp", "Assembly-CSharp.Player.csproj", "{9169FC21-3B0F-B491-43DA-62E613B082B8}"
EndProject
Global
	GlobalSection(SolutionConfigurationPlatforms) = preSolution
		Debug|Any CPU = Debug|Any CPU
		Release|Any CPU = Release|Any CPU
	EndGlobalSection
	GlobalSection(ProjectConfigurationPlatforms) = postSolution
		{178520FE-9270-451B-C594-37A463F313F8}.Debug|Any CPU.ActiveCfg = Debug|Any CPU
		{178520FE-9270-451B-C594-37A463F313F8}.Debug|Any CPU.Build.0 = Debug|Any CPU
		{178520FE-9270-451B-C594-37A463F313F8}.Release|Any CPU.ActiveCfg = Release|Any CPU
		{178520FE-9270-451B-C594-37A463F313F8}.Release|Any CPU.Build.0 = Release|Any CPU
		{5521DAAE-2792-F6E8-A4DD-408E7BFD7BFA}.Debug|Any CPU.ActiveCfg = Debug|Any CPU
		{5521DAAE-2792-F6E8-A4DD-408E7BFD7BFA}.Debug|Any CPU.Build.0 = Debug|Any CPU
		{5521DAAE-2792-F6E8-A4DD-408E7BFD7BFA}.Release|Any CPU.ActiveCfg = Release|Any CPU
		{5521DAAE-2792-F6E8-A4DD-408E7BFD7BFA}.Release|Any CPU.Build.0 = Release|Any CPU
		{30E1B742-6BDD-AC7E-1102-878833C8BBA3}.Debug|Any CPU.ActiveCfg = Debug|Any CPU
		{30E1B742-6BDD-AC7E-1102-878833C8BBA3}.Debug|Any CPU.Build.0 = Debug|Any CPU
		{30E1B742-6BDD-AC7E-1102-878833C8BBA3}.Release|Any CPU.ActiveCfg = Release|Any CPU
		{30E1B742-6BDD-AC7E-1102-878833C8BBA3}.Release|Any CPU.Build.0 = Release|Any CPU
		{317878CF-F823-FE7C-3A04-FBBCD7C7829F}.Debug|Any CPU.ActiveCfg = Debug|Any CPU
		{317878CF-F823-FE7C-3A04-FBBCD7C7829F}.Debug|Any CPU.Build.0 = Debug|Any CPU
		{317878CF-F823-FE7C-3A04-FBBCD7C7829F}.Release|Any CPU.ActiveCfg = Release|Any CPU
		{317878CF-F823-FE7C-3A04-FBBCD7C7829F}.Release|Any CPU.Build.0 = Release|Any CPU
		{768CF96C-86E2-BE94-C622-A90BEC45663F}.Debug|Any CPU.ActiveCfg = Debug|Any CPU
		{768CF96C-86E2-BE94-C622-A90BEC45663F}.Debug|Any CPU.Build.0 = Debug|Any CPU
		{768CF96C-86E2-BE94-C622-A90BEC45663F}.Release|Any CPU.ActiveCfg = Release|Any CPU
		{768CF96C-86E2-BE94-C622-A90BEC45663F}.Release|Any CPU.Build.0 = Release|Any CPU
		{982E4188-6364-8BC3-EC62-70A87E3EEDCA}.Debug|Any CPU.ActiveCfg = Debug|Any CPU
		{982E4188-6364-8BC3-EC62-70A87E3EEDCA}.Debug|Any CPU.Build.0 = Debug|Any CPU
		{982E4188-6364-8BC3-EC62-70A87E3EEDCA}.Release|Any CPU.ActiveCfg = Release|Any CPU
		{982E4188-6364-8BC3-EC62-70A87E3EEDCA}.Release|Any CPU.Build.0 = Release|Any CPU
		{C4D7BA53-EB31-F2AF-050C-5ACB6B441BE7}.Debug|Any CPU.ActiveCfg = Debug|Any CPU
		{C4D7BA53-EB31-F2AF-050C-5ACB6B441BE7}.Debug|Any CPU.Build.0 = Debug|Any CPU
		{C4D7BA53-EB31-F2AF-050C-5ACB6B441BE7}.Release|Any CPU.ActiveCfg = Release|Any CPU
		{C4D7BA53-EB31-F2AF-050C-5ACB6B441BE7}.Release|Any CPU.Build.0 = Release|Any CPU
		{201B5442-63CA-929A-E6AD-D925499240C0}.Debug|Any CPU.ActiveCfg = Debug|Any CPU
		{201B5442-63CA-929A-E6AD-D925499240C0}.Debug|Any CPU.Build.0 = Debug|Any CPU
		{201B5442-63CA-929A-E6AD-D925499240C0}.Release|Any CPU.ActiveCfg = Release|Any CPU
		{201B5442-63CA-929A-E6AD-D925499240C0}.Release|Any CPU.Build.0 = Release|Any CPU
		{AB402270-764A-AF99-6A3B-4F9ECD248C84}.Debug|Any CPU.ActiveCfg = Debug|Any CPU
		{AB402270-764A-AF99-6A3B-4F9ECD248C84}.Debug|Any CPU.Build.0 = Debug|Any CPU
		{AB402270-764A-AF99-6A3B-4F9ECD248C84}.Release|Any CPU.ActiveCfg = Release|Any CPU
		{AB402270-764A-AF99-6A3B-4F9ECD248C84}.Release|Any CPU.Build.0 = Release|Any CPU
		{D1CFDCED-B13E-7723-90C6-2A0FCFC53565}.Debug|Any CPU.ActiveCfg = Debug|Any CPU
		{D1CFDCED-B13E-7723-90C6-2A0FCFC53565}.Debug|Any CPU.Build.0 = Debug|Any CPU
		{D1CFDCED-B13E-7723-90C6-2A0FCFC53565}.Release|Any CPU.ActiveCfg = Release|Any CPU
		{D1CFDCED-B13E-7723-90C6-2A0FCFC53565}.Release|Any CPU.Build.0 = Release|Any CPU
		{F936D159-1F4D-D298-A3CE-8DB9521392BC}.Debug|Any CPU.ActiveCfg = Debug|Any CPU
		{F936D159-1F4D-D298-A3CE-8DB9521392BC}.Debug|Any CPU.Build.0 = Debug|Any CPU
		{F936D159-1F4D-D298-A3CE-8DB9521392BC}.Release|Any CPU.ActiveCfg = Release|Any CPU
		{F936D159-1F4D-D298-A3CE-8DB9521392BC}.Release|Any CPU.Build.0 = Release|Any CPU
		{80762ECF-78D8-5033-D969-880B139DF6FB}.Debug|Any CPU.ActiveCfg = Debug|Any CPU
		{80762ECF-78D8-5033-D969-880B139DF6FB}.Debug|Any CPU.Build.0 = Debug|Any CPU
		{80762ECF-78D8-5033-D969-880B139DF6FB}.Release|Any CPU.ActiveCfg = Release|Any CPU
		{80762ECF-78D8-5033-D969-880B139DF6FB}.Release|Any CPU.Build.0 = Release|Any CPU
		{5033831D-0866-D9AF-665D-2D086D238A49}.Debug|Any CPU.ActiveCfg = Debug|Any CPU
		{5033831D-0866-D9AF-665D-2D086D238A49}.Debug|Any CPU.Build.0 = Debug|Any CPU
		{5033831D-0866-D9AF-665D-2D086D238A49}.Release|Any CPU.ActiveCfg = Release|Any CPU
		{5033831D-0866-D9AF-665D-2D086D238A49}.Release|Any CPU.Build.0 = Release|Any CPU
		{F7143210-98D2-28C6-1566-51AC4D0F5EA9}.Debug|Any CPU.ActiveCfg = Debug|Any CPU
		{F7143210-98D2-28C6-1566-51AC4D0F5EA9}.Debug|Any CPU.Build.0 = Debug|Any CPU
		{F7143210-98D2-28C6-1566-51AC4D0F5EA9}.Release|Any CPU.ActiveCfg = Release|Any CPU
		{F7143210-98D2-28C6-1566-51AC4D0F5EA9}.Release|Any CPU.Build.0 = Release|Any CPU
		{4FA59B83-0AEB-16A6-481F-6023AA595257}.Debug|Any CPU.ActiveCfg = Debug|Any CPU
		{4FA59B83-0AEB-16A6-481F-6023AA595257}.Debug|Any CPU.Build.0 = Debug|Any CPU
		{4FA59B83-0AEB-16A6-481F-6023AA595257}.Release|Any CPU.ActiveCfg = Release|Any CPU
		{4FA59B83-0AEB-16A6-481F-6023AA595257}.Release|Any CPU.Build.0 = Release|Any CPU
		{DD5944FF-0757-3654-DB89-A39A1589F5C2}.Debug|Any CPU.ActiveCfg = Debug|Any CPU
		{DD5944FF-0757-3654-DB89-A39A1589F5C2}.Debug|Any CPU.Build.0 = Debug|Any CPU
		{DD5944FF-0757-3654-DB89-A39A1589F5C2}.Release|Any CPU.ActiveCfg = Release|Any CPU
		{DD5944FF-0757-3654-DB89-A39A1589F5C2}.Release|Any CPU.Build.0 = Release|Any CPU
		{F762EE8D-BD34-565E-626B-685E98F5D801}.Debug|Any CPU.ActiveCfg = Debug|Any CPU
		{F762EE8D-BD34-565E-626B-685E98F5D801}.Debug|Any CPU.Build.0 = Debug|Any CPU
		{F762EE8D-BD34-565E-626B-685E98F5D801}.Release|Any CPU.ActiveCfg = Release|Any CPU
		{F762EE8D-BD34-565E-626B-685E98F5D801}.Release|Any CPU.Build.0 = Release|Any CPU
		{EEB385F7-7696-646A-12BA-0DE483DC1845}.Debug|Any CPU.ActiveCfg = Debug|Any CPU
		{EEB385F7-7696-646A-12BA-0DE483DC1845}.Debug|Any CPU.Build.0 = Debug|Any CPU
		{EEB385F7-7696-646A-12BA-0DE483DC1845}.Release|Any CPU.ActiveCfg = Release|Any CPU
		{EEB385F7-7696-646A-12BA-0DE483DC1845}.Release|Any CPU.Build.0 = Release|Any CPU
		{10543C44-DF20-9584-EA07-7F3CB702D99C}.Debug|Any CPU.ActiveCfg = Debug|Any CPU
		{10543C44-DF20-9584-EA07-7F3CB702D99C}.Debug|Any CPU.Build.0 = Debug|Any CPU
		{10543C44-DF20-9584-EA07-7F3CB702D99C}.Release|Any CPU.ActiveCfg = Release|Any CPU
		{10543C44-DF20-9584-EA07-7F3CB702D99C}.Release|Any CPU.Build.0 = Release|Any CPU
		{9189C8D3-7603-1B2E-2FD9-DDBE92FF53DF}.Debug|Any CPU.ActiveCfg = Debug|Any CPU
		{9189C8D3-7603-1B2E-2FD9-DDBE92FF53DF}.Debug|Any CPU.Build.0 = Debug|Any CPU
		{9189C8D3-7603-1B2E-2FD9-DDBE92FF53DF}.Release|Any CPU.ActiveCfg = Release|Any CPU
		{9189C8D3-7603-1B2E-2FD9-DDBE92FF53DF}.Release|Any CPU.Build.0 = Release|Any CPU
		{2B91E4B7-A8B2-21B1-2D89-2B05B9C4F66E}.Debug|Any CPU.ActiveCfg = Debug|Any CPU
		{2B91E4B7-A8B2-21B1-2D89-2B05B9C4F66E}.Debug|Any CPU.Build.0 = Debug|Any CPU
		{2B91E4B7-A8B2-21B1-2D89-2B05B9C4F66E}.Release|Any CPU.ActiveCfg = Release|Any CPU
		{2B91E4B7-A8B2-21B1-2D89-2B05B9C4F66E}.Release|Any CPU.Build.0 = Release|Any CPU
		{3F53E52B-8043-7053-0086-B6CC75779E50}.Debug|Any CPU.ActiveCfg = Debug|Any CPU
		{3F53E52B-8043-7053-0086-B6CC75779E50}.Debug|Any CPU.Build.0 = Debug|Any CPU
		{3F53E52B-8043-7053-0086-B6CC75779E50}.Release|Any CPU.ActiveCfg = Release|Any CPU
		{3F53E52B-8043-7053-0086-B6CC75779E50}.Release|Any CPU.Build.0 = Release|Any CPU
		{D12480C8-E505-1A54-E73A-6B700BDC3DE6}.Debug|Any CPU.ActiveCfg = Debug|Any CPU
		{D12480C8-E505-1A54-E73A-6B700BDC3DE6}.Debug|Any CPU.Build.0 = Debug|Any CPU
		{D12480C8-E505-1A54-E73A-6B700BDC3DE6}.Release|Any CPU.ActiveCfg = Release|Any CPU
		{D12480C8-E505-1A54-E73A-6B700BDC3DE6}.Release|Any CPU.Build.0 = Release|Any CPU
		{29C80900-D64A-11EB-0262-EC1ABD8A8C51}.Debug|Any CPU.ActiveCfg = Debug|Any CPU
		{29C80900-D64A-11EB-0262-EC1ABD8A8C51}.Debug|Any CPU.Build.0 = Debug|Any CPU
		{29C80900-D64A-11EB-0262-EC1ABD8A8C51}.Release|Any CPU.ActiveCfg = Release|Any CPU
		{29C80900-D64A-11EB-0262-EC1ABD8A8C51}.Release|Any CPU.Build.0 = Release|Any CPU
		{10E0FE3D-6EAD-D8F7-D664-991DF186F7B9}.Debug|Any CPU.ActiveCfg = Debug|Any CPU
		{10E0FE3D-6EAD-D8F7-D664-991DF186F7B9}.Debug|Any CPU.Build.0 = Debug|Any CPU
		{10E0FE3D-6EAD-D8F7-D664-991DF186F7B9}.Release|Any CPU.ActiveCfg = Release|Any CPU
		{10E0FE3D-6EAD-D8F7-D664-991DF186F7B9}.Release|Any CPU.Build.0 = Release|Any CPU
		{47F55249-8742-8064-39CE-C7C11DF6B773}.Debug|Any CPU.ActiveCfg = Debug|Any CPU
		{47F55249-8742-8064-39CE-C7C11DF6B773}.Debug|Any CPU.Build.0 = Debug|Any CPU
		{47F55249-8742-8064-39CE-C7C11DF6B773}.Release|Any CPU.ActiveCfg = Release|Any CPU
		{47F55249-8742-8064-39CE-C7C11DF6B773}.Release|Any CPU.Build.0 = Release|Any CPU
		{85AE4BF0-E25E-78A6-D78A-F038FDE989E2}.Debug|Any CPU.ActiveCfg = Debug|Any CPU
		{85AE4BF0-E25E-78A6-D78A-F038FDE989E2}.Debug|Any CPU.Build.0 = Debug|Any CPU
		{85AE4BF0-E25E-78A6-D78A-F038FDE989E2}.Release|Any CPU.ActiveCfg = Release|Any CPU
		{85AE4BF0-E25E-78A6-D78A-F038FDE989E2}.Release|Any CPU.Build.0 = Release|Any CPU
		{081036B9-C69E-026A-9EAE-799F137368CF}.Debug|Any CPU.ActiveCfg = Debug|Any CPU
		{081036B9-C69E-026A-9EAE-799F137368CF}.Debug|Any CPU.Build.0 = Debug|Any CPU
		{081036B9-C69E-026A-9EAE-799F137368CF}.Release|Any CPU.ActiveCfg = Release|Any CPU
		{081036B9-C69E-026A-9EAE-799F137368CF}.Release|Any CPU.Build.0 = Release|Any CPU
		{44355A08-6E1D-1A99-8002-BFA021F1A139}.Debug|Any CPU.ActiveCfg = Debug|Any CPU
		{44355A08-6E1D-1A99-8002-BFA021F1A139}.Debug|Any CPU.Build.0 = Debug|Any CPU
		{44355A08-6E1D-1A99-8002-BFA021F1A139}.Release|Any CPU.ActiveCfg = Release|Any CPU
		{44355A08-6E1D-1A99-8002-BFA021F1A139}.Release|Any CPU.Build.0 = Release|Any CPU
		{4180172B-56B0-1A9E-156A-9255FD0BCDE4}.Debug|Any CPU.ActiveCfg = Debug|Any CPU
		{4180172B-56B0-1A9E-156A-9255FD0BCDE4}.Debug|Any CPU.Build.0 = Debug|Any CPU
		{4180172B-56B0-1A9E-156A-9255FD0BCDE4}.Release|Any CPU.ActiveCfg = Release|Any CPU
		{4180172B-56B0-1A9E-156A-9255FD0BCDE4}.Release|Any CPU.Build.0 = Release|Any CPU
		{C8C2ED79-7CB1-398E-93DC-3EC8B2395F29}.Debug|Any CPU.ActiveCfg = Debug|Any CPU
		{C8C2ED79-7CB1-398E-93DC-3EC8B2395F29}.Debug|Any CPU.Build.0 = Debug|Any CPU
		{C8C2ED79-7CB1-398E-93DC-3EC8B2395F29}.Release|Any CPU.ActiveCfg = Release|Any CPU
		{C8C2ED79-7CB1-398E-93DC-3EC8B2395F29}.Release|Any CPU.Build.0 = Release|Any CPU
		{F3C96109-749D-67B6-8F1E-2A8AB5C40A09}.Debug|Any CPU.ActiveCfg = Debug|Any CPU
		{F3C96109-749D-67B6-8F1E-2A8AB5C40A09}.Debug|Any CPU.Build.0 = Debug|Any CPU
		{F3C96109-749D-67B6-8F1E-2A8AB5C40A09}.Release|Any CPU.ActiveCfg = Release|Any CPU
		{F3C96109-749D-67B6-8F1E-2A8AB5C40A09}.Release|Any CPU.Build.0 = Release|Any CPU
		{A11A56BC-0104-A4CC-3CEC-1051A9B74435}.Debug|Any CPU.ActiveCfg = Debug|Any CPU
		{A11A56BC-0104-A4CC-3CEC-1051A9B74435}.Debug|Any CPU.Build.0 = Debug|Any CPU
		{A11A56BC-0104-A4CC-3CEC-1051A9B74435}.Release|Any CPU.ActiveCfg = Release|Any CPU
		{A11A56BC-0104-A4CC-3CEC-1051A9B74435}.Release|Any CPU.Build.0 = Release|Any CPU
		{0031A995-C217-9E6D-4377-9785016F26FA}.Debug|Any CPU.ActiveCfg = Debug|Any CPU
		{0031A995-C217-9E6D-4377-9785016F26FA}.Debug|Any CPU.Build.0 = Debug|Any CPU
		{0031A995-C217-9E6D-4377-9785016F26FA}.Release|Any CPU.ActiveCfg = Release|Any CPU
		{0031A995-C217-9E6D-4377-9785016F26FA}.Release|Any CPU.Build.0 = Release|Any CPU
		{8010F586-7000-A6AC-8412-E7D6977BFB67}.Debug|Any CPU.ActiveCfg = Debug|Any CPU
		{8010F586-7000-A6AC-8412-E7D6977BFB67}.Debug|Any CPU.Build.0 = Debug|Any CPU
		{8010F586-7000-A6AC-8412-E7D6977BFB67}.Release|Any CPU.ActiveCfg = Release|Any CPU
		{8010F586-7000-A6AC-8412-E7D6977BFB67}.Release|Any CPU.Build.0 = Release|Any CPU
		{CC8055A7-1207-792D-2AAD-63246866C3D9}.Debug|Any CPU.ActiveCfg = Debug|Any CPU
		{CC8055A7-1207-792D-2AAD-63246866C3D9}.Debug|Any CPU.Build.0 = Debug|Any CPU
		{CC8055A7-1207-792D-2AAD-63246866C3D9}.Release|Any CPU.ActiveCfg = Release|Any CPU
		{CC8055A7-1207-792D-2AAD-63246866C3D9}.Release|Any CPU.Build.0 = Release|Any CPU
		{AC940816-AE4A-3FFC-BFD7-2AADA22F98FA}.Debug|Any CPU.ActiveCfg = Debug|Any CPU
		{AC940816-AE4A-3FFC-BFD7-2AADA22F98FA}.Debug|Any CPU.Build.0 = Debug|Any CPU
		{AC940816-AE4A-3FFC-BFD7-2AADA22F98FA}.Release|Any CPU.ActiveCfg = Release|Any CPU
		{AC940816-AE4A-3FFC-BFD7-2AADA22F98FA}.Release|Any CPU.Build.0 = Release|Any CPU
		{E01B7B00-5617-ADF9-FA05-376E30EBB827}.Debug|Any CPU.ActiveCfg = Debug|Any CPU
		{E01B7B00-5617-ADF9-FA05-376E30EBB827}.Debug|Any CPU.Build.0 = Debug|Any CPU
		{E01B7B00-5617-ADF9-FA05-376E30EBB827}.Release|Any CPU.ActiveCfg = Release|Any CPU
		{E01B7B00-5617-ADF9-FA05-376E30EBB827}.Release|Any CPU.Build.0 = Release|Any CPU
		{6E23FDE2-C615-9FAD-3613-3F509A62A147}.Debug|Any CPU.ActiveCfg = Debug|Any CPU
		{6E23FDE2-C615-9FAD-3613-3F509A62A147}.Debug|Any CPU.Build.0 = Debug|Any CPU
		{6E23FDE2-C615-9FAD-3613-3F509A62A147}.Release|Any CPU.ActiveCfg = Release|Any CPU
		{6E23FDE2-C615-9FAD-3613-3F509A62A147}.Release|Any CPU.Build.0 = Release|Any CPU
		{3701148D-CAA8-E5DF-CD56-B7C62C59A732}.Debug|Any CPU.ActiveCfg = Debug|Any CPU
		{3701148D-CAA8-E5DF-CD56-B7C62C59A732}.Debug|Any CPU.Build.0 = Debug|Any CPU
		{3701148D-CAA8-E5DF-CD56-B7C62C59A732}.Release|Any CPU.ActiveCfg = Release|Any CPU
		{3701148D-CAA8-E5DF-CD56-B7C62C59A732}.Release|Any CPU.Build.0 = Release|Any CPU
		{9169FC21-3B0F-B491-43DA-62E613B082B8}.Debug|Any CPU.ActiveCfg = Debug|Any CPU
		{9169FC21-3B0F-B491-43DA-62E613B082B8}.Debug|Any CPU.Build.0 = Debug|Any CPU
		{9169FC21-3B0F-B491-43DA-62E613B082B8}.Release|Any CPU.ActiveCfg = Release|Any CPU
		{9169FC21-3B0F-B491-43DA-62E613B082B8}.Release|Any CPU.Build.0 = Release|Any CPU
	EndGlobalSection
	GlobalSection(SolutionProperties) = preSolution
		HideSolutionNode = FALSE
	EndGlobalSection
EndGlobal
